
Microsoft Visual Studio Solution File, Format Version 12.00
# Visual Studio 15
VisualStudioVersion = 15.0.28307.1500
MinimumVisualStudioVersion = 10.0.40219.1
Project("{8BC9CEB8-8B4A-11D0-8D11-00A0C91BC942}") = "Copen62541", "Copen62541\Copen62541.vcxproj", "{49BE7715-7E46-4C7A-ACBD-98B14A720D37}"
EndProject
Global
	GlobalSection(SolutionConfigurationPlatforms) = preSolution
		Debug|x64 = Debug|x64
		Debug|x86 = Debug|x86
		Release|x64 = Release|x64
		Release|x86 = Release|x86
	EndGlobalSection
	GlobalSection(ProjectConfigurationPlatforms) = postSolution
		{49BE7715-7E46-4C7A-ACBD-98B14A720D37}.Debug|x64.ActiveCfg = Debug|x64
		{49BE7715-7E46-4C7A-ACBD-98B14A720D37}.Debug|x64.Build.0 = Debug|x64
		{49BE7715-7E46-4C7A-ACBD-98B14A720D37}.Debug|x86.ActiveCfg = Debug|Win32
		{49BE7715-7E46-4C7A-ACBD-98B14A720D37}.Debug|x86.Build.0 = Debug|Win32
		{49BE7715-7E46-4C7A-ACBD-98B14A720D37}.Release|x64.ActiveCfg = Release|x64
		{49BE7715-7E46-4C7A-ACBD-98B14A720D37}.Release|x64.Build.0 = Release|x64
		{49BE7715-7E46-4C7A-ACBD-98B14A720D37}.Release|x86.ActiveCfg = Release|Win32
		{49BE7715-7E46-4C7A-ACBD-98B14A720D37}.Release|x86.Build.0 = Release|Win32
	EndGlobalSection
	GlobalSection(SolutionProperties) = preSolution
		HideSolutionNode = FALSE
	EndGlobalSection
	GlobalSection(ExtensibilityGlobals) = postSolution
		SolutionGuid = {AB818C5E-0C3F-4A2D-A28B-CDA44EFC8019}
	EndGlobalSection
EndGlobal
